
Microsoft Visual Studio Solution File, Format Version 12.00
# Visual Studio Version 16
VisualStudioVersion = 16.0.31605.320
MinimumVisualStudioVersion = 10.0.40219.1
Project("{FAE04EC0-301F-11D3-BF4B-00C04F79EFBC}") = "SistemaGestaoDeVendas", "SistemaGestaoDeVendas.csproj", "{032CC3BD-C0A2-40AE-817B-1BC942800164}"
EndProject
Global
	GlobalSection(SolutionConfigurationPlatforms) = preSolution
		Debug|Any CPU = Debug|Any CPU
		Release|Any CPU = Release|Any CPU
	EndGlobalSection
	GlobalSection(ProjectConfigurationPlatforms) = postSolution
		{032CC3BD-C0A2-40AE-817B-1BC942800164}.Debug|Any CPU.ActiveCfg = Debug|Any CPU
		{032CC3BD-C0A2-40AE-817B-1BC942800164}.Debug|Any CPU.Build.0 = Debug|Any CPU
		{032CC3BD-C0A2-40AE-817B-1BC942800164}.Release|Any CPU.ActiveCfg = Release|Any CPU
		{032CC3BD-C0A2-40AE-817B-1BC942800164}.Release|Any CPU.Build.0 = Release|Any CPU
	EndGlobalSection
	GlobalSection(SolutionProperties) = preSolution
		HideSolutionNode = FALSE
	EndGlobalSection
	GlobalSection(ExtensibilityGlobals) = postSolution
		SolutionGuid = {892FCFDE-CB50-42FF-91E5-C94B60F7F51D}
	EndGlobalSection
EndGlobal
